
Microsoft Visual Studio Solution File, Format Version 12.00
# Visual Studio Version 16
VisualStudioVersion = 16.0.29519.181
MinimumVisualStudioVersion = 10.0.40219.1
Project("{FAE04EC0-301F-11D3-BF4B-00C04F79EFBC}") = "HomeworksC", "HomeworksC\HomeworksC.csproj", "{C7C648DC-E832-4B1B-BA8E-EC51ABF5AF3D}"
EndProject
Project("{FAE04EC0-301F-11D3-BF4B-00C04F79EFBC}") = "Homework3", "Homework3\Homework3.csproj", "{EA436BF7-AF36-47C1-BC61-8976F16E825C}"
EndProject
Global
	GlobalSection(SolutionConfigurationPlatforms) = preSolution
		Debug|Any CPU = Debug|Any CPU
		Release|Any CPU = Release|Any CPU
	EndGlobalSection
	GlobalSection(ProjectConfigurationPlatforms) = postSolution
		{C7C648DC-E832-4B1B-BA8E-EC51ABF5AF3D}.Debug|Any CPU.ActiveCfg = Debug|Any CPU
		{C7C648DC-E832-4B1B-BA8E-EC51ABF5AF3D}.Debug|Any CPU.Build.0 = Debug|Any CPU
		{C7C648DC-E832-4B1B-BA8E-EC51ABF5AF3D}.Release|Any CPU.ActiveCfg = Release|Any CPU
		{C7C648DC-E832-4B1B-BA8E-EC51ABF5AF3D}.Release|Any CPU.Build.0 = Release|Any CPU
		{EA436BF7-AF36-47C1-BC61-8976F16E825C}.Debug|Any CPU.ActiveCfg = Debug|Any CPU
		{EA436BF7-AF36-47C1-BC61-8976F16E825C}.Debug|Any CPU.Build.0 = Debug|Any CPU
		{EA436BF7-AF36-47C1-BC61-8976F16E825C}.Release|Any CPU.ActiveCfg = Release|Any CPU
		{EA436BF7-AF36-47C1-BC61-8976F16E825C}.Release|Any CPU.Build.0 = Release|Any CPU
	EndGlobalSection
	GlobalSection(SolutionProperties) = preSolution
		HideSolutionNode = FALSE
	EndGlobalSection
	GlobalSection(ExtensibilityGlobals) = postSolution
		SolutionGuid = {8D26854D-06D9-4F24-B463-62AF5986816E}
	EndGlobalSection
EndGlobal
